
Microsoft Visual Studio Solution File, Format Version 12.00
# Visual Studio 15
VisualStudioVersion = 15.0.27004.2005
MinimumVisualStudioVersion = 10.0.40219.1
Project("{9A19103F-16F7-4668-BE54-9A1E7A4F7556}") = "StudentActivityManagement", "StudentActivityManagament\StudentActivityManagement.csproj", "{BD3EDA09-8442-4A5A-AC3D-1C7E0EE4A36B}"
EndProject
Project("{9A19103F-16F7-4668-BE54-9A1E7A4F7556}") = "StudentsManagement.Core", "StudentsManagament.Core\StudentsManagement.Core.csproj", "{2EEC0A6F-42E2-409C-8985-638CC9BD6F81}"
EndProject
Project("{9A19103F-16F7-4668-BE54-9A1E7A4F7556}") = "StudentsManagement.Core.Shared", "StudentsManagament.Core.Shared\StudentsManagement.Core.Shared.csproj", "{A40BDA11-03DC-49BB-9082-AD88660E04F9}"
EndProject
Project("{9A19103F-16F7-4668-BE54-9A1E7A4F7556}") = "StudentsManagement.Persistence", "StudentsManagement.Persistence\StudentsManagement.Persistence.csproj", "{FDC37C6D-2FEB-4716-8CC2-9986BEE53E49}"
EndProject
Project("{9A19103F-16F7-4668-BE54-9A1E7A4F7556}") = "StudentsManagement.Persistence.EF", "StudentsManagament.Persistence.EF\StudentsManagement.Persistence.EF.csproj", "{A8D64216-D179-4A90-85B6-AB2E40B51EF0}"
EndProject
Project("{9A19103F-16F7-4668-BE54-9A1E7A4F7556}") = "StudentsManagement.Domain", "StudentsManagament.Domain\StudentsManagement.Domain.csproj", "{8FA8C1ED-AE29-4928-A355-C76617EE12C3}"
EndProject
Project("{2150E333-8FDC-42A3-9474-1A3956D46DE8}") = "BusinessLogic", "BusinessLogic", "{834980B8-AF69-4F7D-869B-9F1FE0E740C7}"
EndProject
Project("{2150E333-8FDC-42A3-9474-1A3956D46DE8}") = "Persistence", "Persistence", "{91C51A0A-EB6B-429E-86FA-1350B7F796E9}"
EndProject
Project("{2150E333-8FDC-42A3-9474-1A3956D46DE8}") = "Presentation", "Presentation", "{0ACD9CBC-47AC-4F59-BA5A-5F1AAD50B099}"
EndProject
Project("{2150E333-8FDC-42A3-9474-1A3956D46DE8}") = "Shared", "Shared", "{30642557-49CF-4BFC-92B8-70B5734659FD}"
EndProject
Project("{9A19103F-16F7-4668-BE54-9A1E7A4F7556}") = "StudentsManagement.Authentication", "StudentsManagement.Authentication\StudentsManagement.Authentication.csproj", "{594B6AD2-58D7-4720-8159-5A3CB9E9772D}"
EndProject
Global
	GlobalSection(SolutionConfigurationPlatforms) = preSolution
		Debug|Any CPU = Debug|Any CPU
		Release|Any CPU = Release|Any CPU
	EndGlobalSection
	GlobalSection(ProjectConfigurationPlatforms) = postSolution
		{BD3EDA09-8442-4A5A-AC3D-1C7E0EE4A36B}.Debug|Any CPU.ActiveCfg = Debug|Any CPU
		{BD3EDA09-8442-4A5A-AC3D-1C7E0EE4A36B}.Debug|Any CPU.Build.0 = Debug|Any CPU
		{BD3EDA09-8442-4A5A-AC3D-1C7E0EE4A36B}.Release|Any CPU.ActiveCfg = Release|Any CPU
		{BD3EDA09-8442-4A5A-AC3D-1C7E0EE4A36B}.Release|Any CPU.Build.0 = Release|Any CPU
		{2EEC0A6F-42E2-409C-8985-638CC9BD6F81}.Debug|Any CPU.ActiveCfg = Debug|Any CPU
		{2EEC0A6F-42E2-409C-8985-638CC9BD6F81}.Debug|Any CPU.Build.0 = Debug|Any CPU
		{2EEC0A6F-42E2-409C-8985-638CC9BD6F81}.Release|Any CPU.ActiveCfg = Release|Any CPU
		{2EEC0A6F-42E2-409C-8985-638CC9BD6F81}.Release|Any CPU.Build.0 = Release|Any CPU
		{A40BDA11-03DC-49BB-9082-AD88660E04F9}.Debug|Any CPU.ActiveCfg = Debug|Any CPU
		{A40BDA11-03DC-49BB-9082-AD88660E04F9}.Debug|Any CPU.Build.0 = Debug|Any CPU
		{A40BDA11-03DC-49BB-9082-AD88660E04F9}.Release|Any CPU.ActiveCfg = Release|Any CPU
		{A40BDA11-03DC-49BB-9082-AD88660E04F9}.Release|Any CPU.Build.0 = Release|Any CPU
		{FDC37C6D-2FEB-4716-8CC2-9986BEE53E49}.Debug|Any CPU.ActiveCfg = Debug|Any CPU
		{FDC37C6D-2FEB-4716-8CC2-9986BEE53E49}.Debug|Any CPU.Build.0 = Debug|Any CPU
		{FDC37C6D-2FEB-4716-8CC2-9986BEE53E49}.Release|Any CPU.ActiveCfg = Release|Any CPU
		{FDC37C6D-2FEB-4716-8CC2-9986BEE53E49}.Release|Any CPU.Build.0 = Release|Any CPU
		{A8D64216-D179-4A90-85B6-AB2E40B51EF0}.Debug|Any CPU.ActiveCfg = Debug|Any CPU
		{A8D64216-D179-4A90-85B6-AB2E40B51EF0}.Debug|Any CPU.Build.0 = Debug|Any CPU
		{A8D64216-D179-4A90-85B6-AB2E40B51EF0}.Release|Any CPU.ActiveCfg = Release|Any CPU
		{A8D64216-D179-4A90-85B6-AB2E40B51EF0}.Release|Any CPU.Build.0 = Release|Any CPU
		{8FA8C1ED-AE29-4928-A355-C76617EE12C3}.Debug|Any CPU.ActiveCfg = Debug|Any CPU
		{8FA8C1ED-AE29-4928-A355-C76617EE12C3}.Debug|Any CPU.Build.0 = Debug|Any CPU
		{8FA8C1ED-AE29-4928-A355-C76617EE12C3}.Release|Any CPU.ActiveCfg = Release|Any CPU
		{8FA8C1ED-AE29-4928-A355-C76617EE12C3}.Release|Any CPU.Build.0 = Release|Any CPU
		{594B6AD2-58D7-4720-8159-5A3CB9E9772D}.Debug|Any CPU.ActiveCfg = Debug|Any CPU
		{594B6AD2-58D7-4720-8159-5A3CB9E9772D}.Debug|Any CPU.Build.0 = Debug|Any CPU
		{594B6AD2-58D7-4720-8159-5A3CB9E9772D}.Release|Any CPU.ActiveCfg = Release|Any CPU
		{594B6AD2-58D7-4720-8159-5A3CB9E9772D}.Release|Any CPU.Build.0 = Release|Any CPU
	EndGlobalSection
	GlobalSection(SolutionProperties) = preSolution
		HideSolutionNode = FALSE
	EndGlobalSection
	GlobalSection(NestedProjects) = preSolution
		{BD3EDA09-8442-4A5A-AC3D-1C7E0EE4A36B} = {0ACD9CBC-47AC-4F59-BA5A-5F1AAD50B099}
		{2EEC0A6F-42E2-409C-8985-638CC9BD6F81} = {834980B8-AF69-4F7D-869B-9F1FE0E740C7}
		{A40BDA11-03DC-49BB-9082-AD88660E04F9} = {834980B8-AF69-4F7D-869B-9F1FE0E740C7}
		{FDC37C6D-2FEB-4716-8CC2-9986BEE53E49} = {91C51A0A-EB6B-429E-86FA-1350B7F796E9}
		{A8D64216-D179-4A90-85B6-AB2E40B51EF0} = {91C51A0A-EB6B-429E-86FA-1350B7F796E9}
		{8FA8C1ED-AE29-4928-A355-C76617EE12C3} = {30642557-49CF-4BFC-92B8-70B5734659FD}
		{594B6AD2-58D7-4720-8159-5A3CB9E9772D} = {30642557-49CF-4BFC-92B8-70B5734659FD}
	EndGlobalSection
	GlobalSection(ExtensibilityGlobals) = postSolution
		SolutionGuid = {57F25A6A-A040-4707-AB1D-C761542798C7}
	EndGlobalSection
EndGlobal
